
Microsoft Visual Studio Solution File, Format Version 12.00
# Visual Studio Version 16
VisualStudioVersion = 16.0.31911.196
MinimumVisualStudioVersion = 10.0.40219.1
Project("{FAE04EC0-301F-11D3-BF4B-00C04F79EFBC}") = "REST", "REST.csproj", "{5CC9E6D1-B48C-4F3A-A0BC-C0326F49CF9E}"
EndProject
Global
	GlobalSection(SolutionConfigurationPlatforms) = preSolution
		Debug|Any CPU = Debug|Any CPU
		Release|Any CPU = Release|Any CPU
	EndGlobalSection
	GlobalSection(ProjectConfigurationPlatforms) = postSolution
		{5CC9E6D1-B48C-4F3A-A0BC-C0326F49CF9E}.Debug|Any CPU.ActiveCfg = Debug|Any CPU
		{5CC9E6D1-B48C-4F3A-A0BC-C0326F49CF9E}.Debug|Any CPU.Build.0 = Debug|Any CPU
		{5CC9E6D1-B48C-4F3A-A0BC-C0326F49CF9E}.Release|Any CPU.ActiveCfg = Release|Any CPU
		{5CC9E6D1-B48C-4F3A-A0BC-C0326F49CF9E}.Release|Any CPU.Build.0 = Release|Any CPU
	EndGlobalSection
	GlobalSection(SolutionProperties) = preSolution
		HideSolutionNode = FALSE
	EndGlobalSection
	GlobalSection(ExtensibilityGlobals) = postSolution
		SolutionGuid = {8EFB0C1D-D1FD-46CC-936A-957E43DD14C8}
	EndGlobalSection
EndGlobal
